
Microsoft Visual Studio Solution File, Format Version 12.00
# Visual Studio Version 17
VisualStudioVersion = 17.9.34701.34
MinimumVisualStudioVersion = 10.0.40219.1
Project("{FAE04EC0-301F-11D3-BF4B-00C04F79EFBC}") = "DockerProdutos", "DockerProdutos.csproj", "{C7A1F601-CAA7-443B-8FBF-D56A23E1181A}"
EndProject
Global
	GlobalSection(SolutionConfigurationPlatforms) = preSolution
		Debug|Any CPU = Debug|Any CPU
		Release|Any CPU = Release|Any CPU
	EndGlobalSection
	GlobalSection(ProjectConfigurationPlatforms) = postSolution
		{C7A1F601-CAA7-443B-8FBF-D56A23E1181A}.Debug|Any CPU.ActiveCfg = Debug|Any CPU
		{C7A1F601-CAA7-443B-8FBF-D56A23E1181A}.Debug|Any CPU.Build.0 = Debug|Any CPU
		{C7A1F601-CAA7-443B-8FBF-D56A23E1181A}.Release|Any CPU.ActiveCfg = Release|Any CPU
		{C7A1F601-CAA7-443B-8FBF-D56A23E1181A}.Release|Any CPU.Build.0 = Release|Any CPU
	EndGlobalSection
	GlobalSection(SolutionProperties) = preSolution
		HideSolutionNode = FALSE
	EndGlobalSection
	GlobalSection(ExtensibilityGlobals) = postSolution
		SolutionGuid = {E35F9814-BF56-428E-873F-E28D7D916B05}
	EndGlobalSection
EndGlobal
